
Microsoft Visual Studio Solution File, Format Version 11.00
# Visual Studio 2010
Project("{FAE04EC0-301F-11D3-BF4B-00C04F79EFBC}") = "Secret of 51 v1.0", "Assembly-CSharp.csproj", "{C773C43B-CEE6-0524-A48A-BB7B8329248A}"
EndProject
Project("{FAE04EC0-301F-11D3-BF4B-00C04F79EFBC}") = "Secret of 51 v1.0", "Assembly-CSharp-Editor.csproj", "{6AC43CB8-69E4-DEEC-B517-E201BA6AF10C}"
EndProject
Global
	GlobalSection(SolutionConfigurationPlatforms) = preSolution
		Debug|Any CPU = Debug|Any CPU
		Release|Any CPU = Release|Any CPU
	EndGlobalSection
	GlobalSection(ProjectConfigurationPlatforms) = postSolution
		{C773C43B-CEE6-0524-A48A-BB7B8329248A}.Debug|Any CPU.ActiveCfg = Debug|Any CPU
		{C773C43B-CEE6-0524-A48A-BB7B8329248A}.Debug|Any CPU.Build.0 = Debug|Any CPU
		{C773C43B-CEE6-0524-A48A-BB7B8329248A}.Release|Any CPU.ActiveCfg = Release|Any CPU
		{C773C43B-CEE6-0524-A48A-BB7B8329248A}.Release|Any CPU.Build.0 = Release|Any CPU
		{6AC43CB8-69E4-DEEC-B517-E201BA6AF10C}.Debug|Any CPU.ActiveCfg = Debug|Any CPU
		{6AC43CB8-69E4-DEEC-B517-E201BA6AF10C}.Debug|Any CPU.Build.0 = Debug|Any CPU
		{6AC43CB8-69E4-DEEC-B517-E201BA6AF10C}.Release|Any CPU.ActiveCfg = Release|Any CPU
		{6AC43CB8-69E4-DEEC-B517-E201BA6AF10C}.Release|Any CPU.Build.0 = Release|Any CPU
	EndGlobalSection
	GlobalSection(SolutionProperties) = preSolution
		HideSolutionNode = FALSE
	EndGlobalSection
	GlobalSection(MonoDevelopProperties) = preSolution
		StartupItem = Assembly-CSharp.csproj
	EndGlobalSection
EndGlobal
