
Microsoft Visual Studio Solution File, Format Version 11.00
# Visual Studio 2010
Project("{FAE04EC0-301F-11D3-BF4B-00C04F79EFBC}") = "Secret of 51 v0.96", "Assembly-CSharp.csproj", "{1845E1CD-247C-CF9F-0089-84A48134BF47}"
EndProject
Project("{FAE04EC0-301F-11D3-BF4B-00C04F79EFBC}") = "Secret of 51 v0.96", "Assembly-CSharp-Editor.csproj", "{F7A95B3C-6043-5EA8-3197-AFFF327D3093}"
EndProject
Global
	GlobalSection(SolutionConfigurationPlatforms) = preSolution
		Debug|Any CPU = Debug|Any CPU
		Release|Any CPU = Release|Any CPU
	EndGlobalSection
	GlobalSection(ProjectConfigurationPlatforms) = postSolution
		{1845E1CD-247C-CF9F-0089-84A48134BF47}.Debug|Any CPU.ActiveCfg = Debug|Any CPU
		{1845E1CD-247C-CF9F-0089-84A48134BF47}.Debug|Any CPU.Build.0 = Debug|Any CPU
		{1845E1CD-247C-CF9F-0089-84A48134BF47}.Release|Any CPU.ActiveCfg = Release|Any CPU
		{1845E1CD-247C-CF9F-0089-84A48134BF47}.Release|Any CPU.Build.0 = Release|Any CPU
		{F7A95B3C-6043-5EA8-3197-AFFF327D3093}.Debug|Any CPU.ActiveCfg = Debug|Any CPU
		{F7A95B3C-6043-5EA8-3197-AFFF327D3093}.Debug|Any CPU.Build.0 = Debug|Any CPU
		{F7A95B3C-6043-5EA8-3197-AFFF327D3093}.Release|Any CPU.ActiveCfg = Release|Any CPU
		{F7A95B3C-6043-5EA8-3197-AFFF327D3093}.Release|Any CPU.Build.0 = Release|Any CPU
	EndGlobalSection
	GlobalSection(SolutionProperties) = preSolution
		HideSolutionNode = FALSE
	EndGlobalSection
	GlobalSection(MonoDevelopProperties) = preSolution
		StartupItem = Assembly-CSharp.csproj
	EndGlobalSection
EndGlobal
