
Microsoft Visual Studio Solution File, Format Version 11.00
# Visual Studio 2010
Project("{FAE04EC0-301F-11D3-BF4B-00C04F79EFBC}") = "Secret of 51 v0.99", "Assembly-CSharp.csproj", "{DC77780C-21D9-CCF3-4078-C34376AF2603}"
EndProject
Project("{FAE04EC0-301F-11D3-BF4B-00C04F79EFBC}") = "Secret of 51 v0.99", "Assembly-CSharp-Editor.csproj", "{30F6BA12-DEFA-6114-B73E-E382C0576A9C}"
EndProject
Global
	GlobalSection(SolutionConfigurationPlatforms) = preSolution
		Debug|Any CPU = Debug|Any CPU
		Release|Any CPU = Release|Any CPU
	EndGlobalSection
	GlobalSection(ProjectConfigurationPlatforms) = postSolution
		{DC77780C-21D9-CCF3-4078-C34376AF2603}.Debug|Any CPU.ActiveCfg = Debug|Any CPU
		{DC77780C-21D9-CCF3-4078-C34376AF2603}.Debug|Any CPU.Build.0 = Debug|Any CPU
		{DC77780C-21D9-CCF3-4078-C34376AF2603}.Release|Any CPU.ActiveCfg = Release|Any CPU
		{DC77780C-21D9-CCF3-4078-C34376AF2603}.Release|Any CPU.Build.0 = Release|Any CPU
		{30F6BA12-DEFA-6114-B73E-E382C0576A9C}.Debug|Any CPU.ActiveCfg = Debug|Any CPU
		{30F6BA12-DEFA-6114-B73E-E382C0576A9C}.Debug|Any CPU.Build.0 = Debug|Any CPU
		{30F6BA12-DEFA-6114-B73E-E382C0576A9C}.Release|Any CPU.ActiveCfg = Release|Any CPU
		{30F6BA12-DEFA-6114-B73E-E382C0576A9C}.Release|Any CPU.Build.0 = Release|Any CPU
	EndGlobalSection
	GlobalSection(SolutionProperties) = preSolution
		HideSolutionNode = FALSE
	EndGlobalSection
	GlobalSection(MonoDevelopProperties) = preSolution
		StartupItem = Assembly-CSharp.csproj
	EndGlobalSection
EndGlobal
