
Microsoft Visual Studio Solution File, Format Version 11.00
# Visual Studio 2010
Project("{FAE04EC0-301F-11D3-BF4B-00C04F79EFBC}") = "Secret of 51 v0.94", "Assembly-CSharp.csproj", "{DA861325-B5F2-A30D-86A9-F70E043908AB}"
EndProject
Project("{FAE04EC0-301F-11D3-BF4B-00C04F79EFBC}") = "Secret of 51 v0.94", "Assembly-CSharp-Editor.csproj", "{483BA207-AB21-8FC2-7303-F833D7346F87}"
EndProject
Global
	GlobalSection(SolutionConfigurationPlatforms) = preSolution
		Debug|Any CPU = Debug|Any CPU
		Release|Any CPU = Release|Any CPU
	EndGlobalSection
	GlobalSection(ProjectConfigurationPlatforms) = postSolution
		{DA861325-B5F2-A30D-86A9-F70E043908AB}.Debug|Any CPU.ActiveCfg = Debug|Any CPU
		{DA861325-B5F2-A30D-86A9-F70E043908AB}.Debug|Any CPU.Build.0 = Debug|Any CPU
		{DA861325-B5F2-A30D-86A9-F70E043908AB}.Release|Any CPU.ActiveCfg = Release|Any CPU
		{DA861325-B5F2-A30D-86A9-F70E043908AB}.Release|Any CPU.Build.0 = Release|Any CPU
		{483BA207-AB21-8FC2-7303-F833D7346F87}.Debug|Any CPU.ActiveCfg = Debug|Any CPU
		{483BA207-AB21-8FC2-7303-F833D7346F87}.Debug|Any CPU.Build.0 = Debug|Any CPU
		{483BA207-AB21-8FC2-7303-F833D7346F87}.Release|Any CPU.ActiveCfg = Release|Any CPU
		{483BA207-AB21-8FC2-7303-F833D7346F87}.Release|Any CPU.Build.0 = Release|Any CPU
	EndGlobalSection
	GlobalSection(SolutionProperties) = preSolution
		HideSolutionNode = FALSE
	EndGlobalSection
	GlobalSection(MonoDevelopProperties) = preSolution
		StartupItem = Assembly-CSharp.csproj
	EndGlobalSection
EndGlobal
