
Microsoft Visual Studio Solution File, Format Version 11.00
# Visual Studio 2010
Project("{FAE04EC0-301F-11D3-BF4B-00C04F79EFBC}") = "Secret of 51 v0.95", "Assembly-CSharp.csproj", "{F3326BB1-2855-D752-C410-72AFD03C1B34}"
EndProject
Project("{FAE04EC0-301F-11D3-BF4B-00C04F79EFBC}") = "Secret of 51 v0.95", "Assembly-CSharp-Editor.csproj", "{BCFC4F2F-779E-B44C-1C54-0DAFACD8D5E5}"
EndProject
Global
	GlobalSection(SolutionConfigurationPlatforms) = preSolution
		Debug|Any CPU = Debug|Any CPU
		Release|Any CPU = Release|Any CPU
	EndGlobalSection
	GlobalSection(ProjectConfigurationPlatforms) = postSolution
		{F3326BB1-2855-D752-C410-72AFD03C1B34}.Debug|Any CPU.ActiveCfg = Debug|Any CPU
		{F3326BB1-2855-D752-C410-72AFD03C1B34}.Debug|Any CPU.Build.0 = Debug|Any CPU
		{F3326BB1-2855-D752-C410-72AFD03C1B34}.Release|Any CPU.ActiveCfg = Release|Any CPU
		{F3326BB1-2855-D752-C410-72AFD03C1B34}.Release|Any CPU.Build.0 = Release|Any CPU
		{BCFC4F2F-779E-B44C-1C54-0DAFACD8D5E5}.Debug|Any CPU.ActiveCfg = Debug|Any CPU
		{BCFC4F2F-779E-B44C-1C54-0DAFACD8D5E5}.Debug|Any CPU.Build.0 = Debug|Any CPU
		{BCFC4F2F-779E-B44C-1C54-0DAFACD8D5E5}.Release|Any CPU.ActiveCfg = Release|Any CPU
		{BCFC4F2F-779E-B44C-1C54-0DAFACD8D5E5}.Release|Any CPU.Build.0 = Release|Any CPU
	EndGlobalSection
	GlobalSection(SolutionProperties) = preSolution
		HideSolutionNode = FALSE
	EndGlobalSection
	GlobalSection(MonoDevelopProperties) = preSolution
		StartupItem = Assembly-CSharp.csproj
	EndGlobalSection
EndGlobal
