
Microsoft Visual Studio Solution File, Format Version 11.00
# Visual Studio 2010
Project("{FAE04EC0-301F-11D3-BF4B-00C04F79EFBC}") = "Secret of 51 v0.97", "Assembly-CSharp.csproj", "{4A11FB68-E99E-3533-9384-BA6280D21A09}"
EndProject
Project("{FAE04EC0-301F-11D3-BF4B-00C04F79EFBC}") = "Secret of 51 v0.97", "Assembly-CSharp-Editor.csproj", "{91D4DCC8-2338-B2E2-DBC0-BDFDB6C7FB57}"
EndProject
Global
	GlobalSection(SolutionConfigurationPlatforms) = preSolution
		Debug|Any CPU = Debug|Any CPU
		Release|Any CPU = Release|Any CPU
	EndGlobalSection
	GlobalSection(ProjectConfigurationPlatforms) = postSolution
		{4A11FB68-E99E-3533-9384-BA6280D21A09}.Debug|Any CPU.ActiveCfg = Debug|Any CPU
		{4A11FB68-E99E-3533-9384-BA6280D21A09}.Debug|Any CPU.Build.0 = Debug|Any CPU
		{4A11FB68-E99E-3533-9384-BA6280D21A09}.Release|Any CPU.ActiveCfg = Release|Any CPU
		{4A11FB68-E99E-3533-9384-BA6280D21A09}.Release|Any CPU.Build.0 = Release|Any CPU
		{91D4DCC8-2338-B2E2-DBC0-BDFDB6C7FB57}.Debug|Any CPU.ActiveCfg = Debug|Any CPU
		{91D4DCC8-2338-B2E2-DBC0-BDFDB6C7FB57}.Debug|Any CPU.Build.0 = Debug|Any CPU
		{91D4DCC8-2338-B2E2-DBC0-BDFDB6C7FB57}.Release|Any CPU.ActiveCfg = Release|Any CPU
		{91D4DCC8-2338-B2E2-DBC0-BDFDB6C7FB57}.Release|Any CPU.Build.0 = Release|Any CPU
	EndGlobalSection
	GlobalSection(SolutionProperties) = preSolution
		HideSolutionNode = FALSE
	EndGlobalSection
	GlobalSection(MonoDevelopProperties) = preSolution
		StartupItem = Assembly-CSharp.csproj
	EndGlobalSection
EndGlobal
