
Microsoft Visual Studio Solution File, Format Version 11.00
# Visual Studio 2010
Project("{FAE04EC0-301F-11D3-BF4B-00C04F79EFBC}") = "Secret of 51 v0.4", "Assembly-CSharp.csproj", "{5C20FEB0-9759-5683-4ED1-28DCF6635AFD}"
EndProject
Project("{FAE04EC0-301F-11D3-BF4B-00C04F79EFBC}") = "Secret of 51 v0.4", "Assembly-CSharp-Editor.csproj", "{58CA8D1E-20AD-0757-1685-E071C541CCF4}"
EndProject
Global
	GlobalSection(SolutionConfigurationPlatforms) = preSolution
		Debug|Any CPU = Debug|Any CPU
		Release|Any CPU = Release|Any CPU
	EndGlobalSection
	GlobalSection(ProjectConfigurationPlatforms) = postSolution
		{5C20FEB0-9759-5683-4ED1-28DCF6635AFD}.Debug|Any CPU.ActiveCfg = Debug|Any CPU
		{5C20FEB0-9759-5683-4ED1-28DCF6635AFD}.Debug|Any CPU.Build.0 = Debug|Any CPU
		{5C20FEB0-9759-5683-4ED1-28DCF6635AFD}.Release|Any CPU.ActiveCfg = Release|Any CPU
		{5C20FEB0-9759-5683-4ED1-28DCF6635AFD}.Release|Any CPU.Build.0 = Release|Any CPU
		{58CA8D1E-20AD-0757-1685-E071C541CCF4}.Debug|Any CPU.ActiveCfg = Debug|Any CPU
		{58CA8D1E-20AD-0757-1685-E071C541CCF4}.Debug|Any CPU.Build.0 = Debug|Any CPU
		{58CA8D1E-20AD-0757-1685-E071C541CCF4}.Release|Any CPU.ActiveCfg = Release|Any CPU
		{58CA8D1E-20AD-0757-1685-E071C541CCF4}.Release|Any CPU.Build.0 = Release|Any CPU
	EndGlobalSection
	GlobalSection(SolutionProperties) = preSolution
		HideSolutionNode = FALSE
	EndGlobalSection
	GlobalSection(MonoDevelopProperties) = preSolution
		StartupItem = Assembly-CSharp.csproj
	EndGlobalSection
EndGlobal
