
Microsoft Visual Studio Solution File, Format Version 11.00
# Visual Studio 2010
Project("{FAE04EC0-301F-11D3-BF4B-00C04F79EFBC}") = "Secret of 51 v0.5", "Assembly-CSharp.csproj", "{84BAD4BD-F4EA-B005-8CD7-C0161A208872}"
EndProject
Project("{FAE04EC0-301F-11D3-BF4B-00C04F79EFBC}") = "Secret of 51 v0.5", "Assembly-CSharp-Editor.csproj", "{2179E5AE-072B-230E-0A2C-B12F64841492}"
EndProject
Global
	GlobalSection(SolutionConfigurationPlatforms) = preSolution
		Debug|Any CPU = Debug|Any CPU
		Release|Any CPU = Release|Any CPU
	EndGlobalSection
	GlobalSection(ProjectConfigurationPlatforms) = postSolution
		{84BAD4BD-F4EA-B005-8CD7-C0161A208872}.Debug|Any CPU.ActiveCfg = Debug|Any CPU
		{84BAD4BD-F4EA-B005-8CD7-C0161A208872}.Debug|Any CPU.Build.0 = Debug|Any CPU
		{84BAD4BD-F4EA-B005-8CD7-C0161A208872}.Release|Any CPU.ActiveCfg = Release|Any CPU
		{84BAD4BD-F4EA-B005-8CD7-C0161A208872}.Release|Any CPU.Build.0 = Release|Any CPU
		{2179E5AE-072B-230E-0A2C-B12F64841492}.Debug|Any CPU.ActiveCfg = Debug|Any CPU
		{2179E5AE-072B-230E-0A2C-B12F64841492}.Debug|Any CPU.Build.0 = Debug|Any CPU
		{2179E5AE-072B-230E-0A2C-B12F64841492}.Release|Any CPU.ActiveCfg = Release|Any CPU
		{2179E5AE-072B-230E-0A2C-B12F64841492}.Release|Any CPU.Build.0 = Release|Any CPU
	EndGlobalSection
	GlobalSection(SolutionProperties) = preSolution
		HideSolutionNode = FALSE
	EndGlobalSection
	GlobalSection(MonoDevelopProperties) = preSolution
		StartupItem = Assembly-CSharp.csproj
	EndGlobalSection
EndGlobal
