
Microsoft Visual Studio Solution File, Format Version 12.00
# Visual Studio 2017
Project("{FAE04EC0-301F-11D3-BF4B-00C04F79EFBC}") = "TEMPPR~1", "TEMPPR~1.csproj", "{8BC64E31-E39E-0E49-4983-9946EBBF7D99}"
EndProject
Project("{FAE04EC0-301F-11D3-BF4B-00C04F79EFBC}") = "TEMPPR~1.Editor", "TEMPPR~1.Editor.csproj", "{8D10214A-9E88-D4E8-915D-1FAA51D93D57}"
EndProject
Global
	GlobalSection(SolutionConfigurationPlatforms) = preSolution
		Debug|Any CPU = Debug|Any CPU
		Release|Any CPU = Release|Any CPU
	EndGlobalSection
	GlobalSection(ProjectConfigurationPlatforms) = postSolution
		{8BC64E31-E39E-0E49-4983-9946EBBF7D99}.Debug|Any CPU.ActiveCfg = Debug|Any CPU
		{8BC64E31-E39E-0E49-4983-9946EBBF7D99}.Debug|Any CPU.Build.0 = Debug|Any CPU
		{8BC64E31-E39E-0E49-4983-9946EBBF7D99}.Release|Any CPU.ActiveCfg = Release|Any CPU
		{8BC64E31-E39E-0E49-4983-9946EBBF7D99}.Release|Any CPU.Build.0 = Release|Any CPU
		{8D10214A-9E88-D4E8-915D-1FAA51D93D57}.Debug|Any CPU.ActiveCfg = Debug|Any CPU
		{8D10214A-9E88-D4E8-915D-1FAA51D93D57}.Debug|Any CPU.Build.0 = Debug|Any CPU
		{8D10214A-9E88-D4E8-915D-1FAA51D93D57}.Release|Any CPU.ActiveCfg = Release|Any CPU
		{8D10214A-9E88-D4E8-915D-1FAA51D93D57}.Release|Any CPU.Build.0 = Release|Any CPU
	EndGlobalSection
	GlobalSection(SolutionProperties) = preSolution
		HideSolutionNode = FALSE
	EndGlobalSection
EndGlobal
