Microsoft Visual Studio Solution File, Format Version 11.00
# Visual Studio 2008

Project("{6726BD44-73B8-8272-5C04-F8001095CC61}") = "TempProject v0.2 (2)", "Assembly-CSharp.csproj", "{728B0562-D047-EB7F-8BEA-578AD7CF0243}"
EndProject
Global
	GlobalSection(SolutionConfigurationPlatforms) = preSolution
		Debug|Any CPU = Debug|Any CPU
		Release|Any CPU = Release|Any CPU
	EndGlobalSection
	GlobalSection(ProjectConfigurationPlatforms) = postSolution
		{728B0562-D047-EB7F-8BEA-578AD7CF0243}.Debug|Any CPU.ActiveCfg = Debug|Any CPU
		{728B0562-D047-EB7F-8BEA-578AD7CF0243}.Debug|Any CPU.Build.0 = Debug|Any CPU
		{728B0562-D047-EB7F-8BEA-578AD7CF0243}.Release|Any CPU.ActiveCfg = Release|Any CPU
		{728B0562-D047-EB7F-8BEA-578AD7CF0243}.Release|Any CPU.Build.0 = Release|Any CPU
	EndGlobalSection
	GlobalSection(SolutionProperties) = preSolution
		HideSolutionNode = FALSE
	EndGlobalSection
	GlobalSection(MonoDevelopProperties) = preSolution
		StartupItem = Assembly-CSharp.csproj
	EndGlobalSection
EndGlobal
